{
  "name": "landing01",
  "lockfileVersion": 3,
  "requires": true,
  "packages": {
    "": {
      "dependencies": {
        "@tosspayments/payment-widget-sdk": "^0.12.1",
        "playwright": "^1.57.0"
      }
    },
    "node_modules/@tosspayments/brandpay-types": {
      "version": "0.2.6",
      "resolved": "https://registry.npmjs.org/@tosspayments/brandpay-types/-/brandpay-types-0.2.6.tgz",
      "integrity": "sha512-FY8aOm/2rqtXjYux9ZdNTL6GC5+VNIw8eOQ7TP01dS2uGWSzAtR6uuw9HVsgkmJtSyJgmo97tjmbio5oyeyFlg==",
      "license": "MIT",
      "peerDependencies": {
        "typescript": "^4.1.0"
      },
      "peerDependenciesMeta": {
        "typescript": {
          "optional": true
        }
      }
    },
    "node_modules/@tosspayments/payment__types": {
      "version": "1.69.1",
      "resolved": "https://registry.npmjs.org/@tosspayments/payment__types/-/payment__types-1.69.1.tgz",
      "integrity": "sha512-QX9WSPiIke9VPch1zA80VFBSu7yKNuv/UnKy1V9B+YkC6sPN+sBcq/sl2fhj5tadTvkuYXDv139iR5TFwU2ayw==",
      "license": "MIT",
      "dependencies": {
        "@tosspayments/sdk-constants": "^1.2.2"
      }
    },
    "node_modules/@tosspayments/payment-widget__types": {
      "version": "1.1.0",
      "resolved": "https://registry.npmjs.org/@tosspayments/payment-widget__types/-/payment-widget__types-1.1.0.tgz",
      "integrity": "sha512-1yVQIDNwgjzpm/n8ppsAk3Q0IKha+vOTuRIP6INzL9AkzCsrVjhHr5/eT0fe+tjyekSRL902Uq0TuRyG2sjsWw==",
      "license": "MIT",
      "dependencies": {
        "@tosspayments/brandpay-types": "^0.2.6",
        "@tosspayments/payment__types": "^1.68.0",
        "@tosspayments/payment-widget-types": "^0.0.5"
      }
    },
    "node_modules/@tosspayments/payment-widget-sdk": {
      "version": "0.12.1",
      "resolved": "https://registry.npmjs.org/@tosspayments/payment-widget-sdk/-/payment-widget-sdk-0.12.1.tgz",
      "integrity": "sha512-h80Qa4IO4YxqC0ma6aM/MX1mWFOwQ6OaWXcqJzNFkne8reaOI90iF3gDvPH0pAM6H+GTx+S83JO7N5ltq2Qs/w==",
      "license": "MIT",
      "dependencies": {
        "@tosspayments/payment-widget__types": "1.1.0"
      }
    },
    "node_modules/@tosspayments/payment-widget-types": {
      "version": "0.0.5",
      "resolved": "https://registry.npmjs.org/@tosspayments/payment-widget-types/-/payment-widget-types-0.0.5.tgz",
      "integrity": "sha512-Daaui9u7aRPzJhw4omJIUAbYBSmNAFNjWWkuUnX9uHxzE3gtjcJHIpGrjlzmCFm+j3ZH4rgyrgv4pkazVYH3OQ==",
      "license": "MIT",
      "peerDependencies": {
        "typescript": "^4.7.4"
      },
      "peerDependenciesMeta": {
        "typescript": {
          "optional": true
        }
      }
    },
    "node_modules/@tosspayments/sdk-constants": {
      "version": "1.2.2",
      "resolved": "https://registry.npmjs.org/@tosspayments/sdk-constants/-/sdk-constants-1.2.2.tgz",
      "integrity": "sha512-6WxRHaiycSfz8gY9R/+StdkX5bprHyJ/rf2ak+b8YgBorxUwns8Ev+oyViNBmsPoE77RusaVFNv1kuiJpSNoDA==",
      "license": "MIT"
    },
    "node_modules/fsevents": {
      "version": "2.3.2",
      "resolved": "https://registry.npmjs.org/fsevents/-/fsevents-2.3.2.tgz",
      "integrity": "sha512-xiqMQR4xAeHTuB9uWm+fFRcIOgKBMiOBP+eXiyT7jsgVCq1bkVygt00oASowB7EdtpOHaaPgKt812P9ab+DDKA==",
      "hasInstallScript": true,
      "license": "MIT",
      "optional": true,
      "os": [
        "darwin"
      ],
      "engines": {
        "node": "^8.16.0 || ^10.6.0 || >=11.0.0"
      }
    },
    "node_modules/playwright": {
      "version": "1.57.0",
      "resolved": "https://registry.npmjs.org/playwright/-/playwright-1.57.0.tgz",
      "integrity": "sha512-ilYQj1s8sr2ppEJ2YVadYBN0Mb3mdo9J0wQ+UuDhzYqURwSoW4n1Xs5vs7ORwgDGmyEh33tRMeS8KhdkMoLXQw==",
      "license": "Apache-2.0",
      "dependencies": {
        "playwright-core": "1.57.0"
      },
      "bin": {
        "playwright": "cli.js"
      },
      "engines": {
        "node": ">=18"
      },
      "optionalDependencies": {
        "fsevents": "2.3.2"
      }
    },
    "node_modules/playwright-core": {
      "version": "1.57.0",
      "resolved": "https://registry.npmjs.org/playwright-core/-/playwright-core-1.57.0.tgz",
      "integrity": "sha512-agTcKlMw/mjBWOnD6kFZttAAGHgi/Nw0CZ2o6JqWSbMlI219lAFLZZCyqByTsvVAJq5XA5H8cA6PrvBRpBWEuQ==",
      "license": "Apache-2.0",
      "bin": {
        "playwright-core": "cli.js"
      },
      "engines": {
        "node": ">=18"
      }
    }
  }
}
